{
  "name": "hexletguides.github.io",
  "version": "1.0.0",
  "lockfileVersion": 2,
  "requires": true,
  "packages": {
    "": {
      "version": "1.0.0",
      "license": "ISC",
      "dependencies": {
        "bootstrap": "^5.0.1"
      },
      "devDependencies": {
        "simple-git-hooks": "^2.5.1"
      }
    },
    "node_modules/bootstrap": {
      "version": "5.0.1",
      "resolved": "https://registry.npmjs.org/bootstrap/-/bootstrap-5.0.1.tgz",
      "integrity": "sha512-Fl79+wsLOZKoiU345KeEaWD0ik8WKRI5zm0YSPj2oF1Qr+BO7z0fco6GbUtqjoG1h4VI89PeKJnMsMMVQdKKTw==",
      "funding": {
        "type": "opencollective",
        "url": "https://opencollective.com/bootstrap"
      },
      "peerDependencies": {
        "@popperjs/core": "^2.9.2"
      }
    },
    "node_modules/simple-git-hooks": {
      "version": "2.5.1",
      "resolved": "https://registry.npmjs.org/simple-git-hooks/-/simple-git-hooks-2.5.1.tgz",
      "integrity": "sha512-iI/MEEVObv45slsxz+BT+5NCS2UDgVIqfQKmNjL4/XnEfacpdYAHd71Imc5Nw/FY100A+i1PIXdIdkLHYcC2Bg==",
      "dev": true,
      "hasInstallScript": true,
      "bin": {
        "simple-git-hooks": "cli.js"
      }
    }
  },
  "dependencies": {
    "bootstrap": {
      "version": "5.0.1",
      "resolved": "https://registry.npmjs.org/bootstrap/-/bootstrap-5.0.1.tgz",
      "integrity": "sha512-Fl79+wsLOZKoiU345KeEaWD0ik8WKRI5zm0YSPj2oF1Qr+BO7z0fco6GbUtqjoG1h4VI89PeKJnMsMMVQdKKTw==",
      "requires": {}
    },
    "simple-git-hooks": {
      "version": "2.5.1",
      "resolved": "https://registry.npmjs.org/simple-git-hooks/-/simple-git-hooks-2.5.1.tgz",
      "integrity": "sha512-iI/MEEVObv45slsxz+BT+5NCS2UDgVIqfQKmNjL4/XnEfacpdYAHd71Imc5Nw/FY100A+i1PIXdIdkLHYcC2Bg==",
      "dev": true
    }
  }
}
